{
  "originHash" : "933247dc7ad8a1ba5911497b7fbb9547b50043fe91014b6f6a925f8a1b6500ac",
  "pins" : [
    {
      "identity" : "alamofire",
      "kind" : "remoteSourceControl",
      "location" : "https://github.com/Alamofire/Alamofire",
      "state" : {
        "revision" : "513364f870f6bfc468f9d2ff0a95caccc10044c5",
        "version" : "5.10.2"
      }
    },
    {
      "identity" : "foundationcorekit",
      "kind" : "remoteSourceControl",
      "location" : "https://github.com/ofiron/FoundationCoreKit",
      "state" : {
        "revision" : "af034e4aa0f9a07ce8fec358237f691158ad2aa2",
        "version" : "0.0.3"
      }
    }
  ],
  "version" : 3
}
