// !$*UTF8*$!
{
	archiveVersion = 1;
	classes = {
	};
	objectVersion = 77;
	objects = {

/* Begin PBXBuildFile section */
		48A967312D564CA2001F52C9 /* NetworkKit in Frameworks */ = {isa = PBXBuildFile; productRef = 48A967302D564CA2001F52C9 /* NetworkKit */; };
/* End PBXBuildFile section */

/* Begin PBXContainerItemProxy section */
		48A967132D564C81001F52C9 /* PBXContainerItemProxy */ = {
			isa = PBXContainerItemProxy;
			containerPortal = 48A966F92D564C80001F52C9 /* Project object */;
			proxyType = 1;
			remoteGlobalIDString = 48A967002D564C80001F52C9;
			remoteInfo = NetworkKitDemo;
		};
		48A9671D2D564C81001F52C9 /* PBXContainerItemProxy */ = {
			isa = PBXContainerItemProxy;
			containerPortal = 48A966F92D564C80001F52C9 /* Project object */;
			proxyType = 1;
			remoteGlobalIDString = 48A967002D564C80001F52C9;
			remoteInfo = NetworkKitDemo;
		};
/* End PBXContainerItemProxy section */

/* Begin PBXFileReference section */
		48A967012D564C80001F52C9 /* NetworkKitDemo.app */ = {isa = PBXFileReference; explicitFileType = wrapper.application; includeInIndex = 0; path = NetworkKitDemo.app; sourceTree = BUILT_PRODUCTS_DIR; };
		48A967122D564C81001F52C9 /* NetworkKitDemoTests.xctest */ = {isa = PBXFileReference; explicitFileType = wrapper.cfbundle; includeInIndex = 0; path = NetworkKitDemoTests.xctest; sourceTree = BUILT_PRODUCTS_DIR; };
		48A9671C2D564C81001F52C9 /* NetworkKitDemoUITests.xctest */ = {isa = PBXFileReference; explicitFileType = wrapper.cfbundle; includeInIndex = 0; path = NetworkKitDemoUITests.xctest; sourceTree = BUILT_PRODUCTS_DIR; };
/* End PBXFileReference section */

/* Begin PBXFileSystemSynchronizedRootGroup section */
		48A967032D564C80001F52C9 /* NetworkKitDemo */ = {
			isa = PBXFileSystemSynchronizedRootGroup;
			path = NetworkKitDemo;
			sourceTree = "<group>";
		};
		48A967152D564C81001F52C9 /* NetworkKitDemoTests */ = {
			isa = PBXFileSystemSynchronizedRootGroup;
			path = NetworkKitDemoTests;
			sourceTree = "<group>";
		};
		48A9671F2D564C81001F52C9 /* NetworkKitDemoUITests */ = {
			isa = PBXFileSystemSynchronizedRootGroup;
			path = NetworkKitDemoUITests;
			sourceTree = "<group>";
		};
/* End PBXFileSystemSynchronizedRootGroup section */

/* Begin PBXFrameworksBuildPhase section */
		48A966FE2D564C80001F52C9 /* Frameworks */ = {
			isa = PBXFrameworksBuildPhase;
			buildActionMask = 2147483647;
			files = (
				48A967312D564CA2001F52C9 /* NetworkKit in Frameworks */,
			);
			runOnlyForDeploymentPostprocessing = 0;
		};
		48A9670F2D564C81001F52C9 /* Frameworks */ = {
			isa = PBXFrameworksBuildPhase;
			buildActionMask = 2147483647;
			files = (
			);
			runOnlyForDeploymentPostprocessing = 0;
		};
		48A967192D564C81001F52C9 /* Frameworks */ = {
			isa = PBXFrameworksBuildPhase;
			buildActionMask = 2147483647;
			files = (
			);
			runOnlyForDeploymentPostprocessing = 0;
		};
/* End PBXFrameworksBuildPhase section */

/* Begin PBXGroup section */
		48A966F82D564C80001F52C9 = {
			isa = PBXGroup;
			children = (
				48A967032D564C80001F52C9 /* NetworkKitDemo */,
				48A967152D564C81001F52C9 /* NetworkKitDemoTests */,
				48A9671F2D564C81001F52C9 /* NetworkKitDemoUITests */,
				48A967022D564C80001F52C9 /* Products */,
			);
			sourceTree = "<group>";
		};
		48A967022D564C80001F52C9 /* Products */ = {
			isa = PBXGroup;
			children = (
				48A967012D564C80001F52C9 /* NetworkKitDemo.app */,
				48A967122D564C81001F52C9 /* NetworkKitDemoTests.xctest */,
				48A9671C2D564C81001F52C9 /* NetworkKitDemoUITests.xctest */,
			);
			name = Products;
			sourceTree = "<group>";
		};
/* End PBXGroup section */

/* Begin PBXNativeTarget section */
		48A967002D564C80001F52C9 /* NetworkKitDemo */ = {
			isa = PBXNativeTarget;
			buildConfigurationList = 48A967262D564C81001F52C9 /* Build configuration list for PBXNativeTarget "NetworkKitDemo" */;
			buildPhases = (
				48A966FD2D564C80001F52C9 /* Sources */,
				48A966FE2D564C80001F52C9 /* Frameworks */,
				48A966FF2D564C80001F52C9 /* Resources */,
			);
			buildRules = (
			);
			dependencies = (
			);
			fileSystemSynchronizedGroups = (
				48A967032D564C80001F52C9 /* NetworkKitDemo */,
			);
			name = NetworkKitDemo;
			packageProductDependencies = (
				48A967302D564CA2001F52C9 /* NetworkKit */,
			);
			productName = NetworkKitDemo;
			productReference = 48A967012D564C80001F52C9 /* NetworkKitDemo.app */;
			productType = "com.apple.product-type.application";
		};
		48A967112D564C81001F52C9 /* NetworkKitDemoTests */ = {
			isa = PBXNativeTarget;
			buildConfigurationList = 48A967292D564C81001F52C9 /* Build configuration list for PBXNativeTarget "NetworkKitDemoTests" */;
			buildPhases = (
				48A9670E2D564C81001F52C9 /* Sources */,
				48A9670F2D564C81001F52C9 /* Frameworks */,
				48A967102D564C81001F52C9 /* Resources */,
			);
			buildRules = (
			);
			dependencies = (
				48A967142D564C81001F52C9 /* PBXTargetDependency */,
			);
			fileSystemSynchronizedGroups = (
				48A967152D564C81001F52C9 /* NetworkKitDemoTests */,
			);
			name = NetworkKitDemoTests;
			packageProductDependencies = (
			);
			productName = NetworkKitDemoTests;
			productReference = 48A967122D564C81001F52C9 /* NetworkKitDemoTests.xctest */;
			productType = "com.apple.product-type.bundle.unit-test";
		};
		48A9671B2D564C81001F52C9 /* NetworkKitDemoUITests */ = {
			isa = PBXNativeTarget;
			buildConfigurationList = 48A9672C2D564C81001F52C9 /* Build configuration list for PBXNativeTarget "NetworkKitDemoUITests" */;
			buildPhases = (
				48A967182D564C81001F52C9 /* Sources */,
				48A967192D564C81001F52C9 /* Frameworks */,
				48A9671A2D564C81001F52C9 /* Resources */,
			);
			buildRules = (
			);
			dependencies = (
				48A9671E2D564C81001F52C9 /* PBXTargetDependency */,
			);
			fileSystemSynchronizedGroups = (
				48A9671F2D564C81001F52C9 /* NetworkKitDemoUITests */,
			);
			name = NetworkKitDemoUITests;
			packageProductDependencies = (
			);
			productName = NetworkKitDemoUITests;
			productReference = 48A9671C2D564C81001F52C9 /* NetworkKitDemoUITests.xctest */;
			productType = "com.apple.product-type.bundle.ui-testing";
		};
/* End PBXNativeTarget section */

/* Begin PBXProject section */
		48A966F92D564C80001F52C9 /* Project object */ = {
			isa = PBXProject;
			attributes = {
				BuildIndependentTargetsInParallel = 1;
				LastSwiftUpdateCheck = 1620;
				LastUpgradeCheck = 1620;
				TargetAttributes = {
					48A967002D564C80001F52C9 = {
						CreatedOnToolsVersion = 16.2;
					};
					48A967112D564C81001F52C9 = {
						CreatedOnToolsVersion = 16.2;
						TestTargetID = 48A967002D564C80001F52C9;
					};
					48A9671B2D564C81001F52C9 = {
						CreatedOnToolsVersion = 16.2;
						TestTargetID = 48A967002D564C80001F52C9;
					};
				};
			};
			buildConfigurationList = 48A966FC2D564C80001F52C9 /* Build configuration list for PBXProject "NetworkKitDemo" */;
			developmentRegion = en;
			hasScannedForEncodings = 0;
			knownRegions = (
				en,
				Base,
			);
			mainGroup = 48A966F82D564C80001F52C9;
			minimizedProjectReferenceProxies = 1;
			packageReferences = (
				48A9672F2D564CA2001F52C9 /* XCLocalSwiftPackageReference "../../NetworkKit" */,
			);
			preferredProjectObjectVersion = 77;
			productRefGroup = 48A967022D564C80001F52C9 /* Products */;
			projectDirPath = "";
			projectRoot = "";
			targets = (
				48A967002D564C80001F52C9 /* NetworkKitDemo */,
				48A967112D564C81001F52C9 /* NetworkKitDemoTests */,
				48A9671B2D564C81001F52C9 /* NetworkKitDemoUITests */,
			);
		};
/* End PBXProject section */

/* Begin PBXResourcesBuildPhase section */
		48A966FF2D564C80001F52C9 /* Resources */ = {
			isa = PBXResourcesBuildPhase;
			buildActionMask = 2147483647;
			files = (
			);
			runOnlyForDeploymentPostprocessing = 0;
		};
		48A967102D564C81001F52C9 /* Resources */ = {
			isa = PBXResourcesBuildPhase;
			buildActionMask = 2147483647;
			files = (
			);
			runOnlyForDeploymentPostprocessing = 0;
		};
		48A9671A2D564C81001F52C9 /* Resources */ = {
			isa = PBXResourcesBuildPhase;
			buildActionMask = 2147483647;
			files = (
			);
			runOnlyForDeploymentPostprocessing = 0;
		};
/* End PBXResourcesBuildPhase section */

/* Begin PBXSourcesBuildPhase section */
		48A966FD2D564C80001F52C9 /* Sources */ = {
			isa = PBXSourcesBuildPhase;
			buildActionMask = 2147483647;
			files = (
			);
			runOnlyForDeploymentPostprocessing = 0;
		};
		48A9670E2D564C81001F52C9 /* Sources */ = {
			isa = PBXSourcesBuildPhase;
			buildActionMask = 2147483647;
			files = (
			);
			runOnlyForDeploymentPostprocessing = 0;
		};
		48A967182D564C81001F52C9 /* Sources */ = {
			isa = PBXSourcesBuildPhase;
			buildActionMask = 2147483647;
			files = (
			);
			runOnlyForDeploymentPostprocessing = 0;
		};
/* End PBXSourcesBuildPhase section */

/* Begin PBXTargetDependency section */
		48A967142D564C81001F52C9 /* PBXTargetDependency */ = {
			isa = PBXTargetDependency;
			target = 48A967002D564C80001F52C9 /* NetworkKitDemo */;
			targetProxy = 48A967132D564C81001F52C9 /* PBXContainerItemProxy */;
		};
		48A9671E2D564C81001F52C9 /* PBXTargetDependency */ = {
			isa = PBXTargetDependency;
			target = 48A967002D564C80001F52C9 /* NetworkKitDemo */;
			targetProxy = 48A9671D2D564C81001F52C9 /* PBXContainerItemProxy */;
		};
/* End PBXTargetDependency section */

/* Begin XCBuildConfiguration section */
		48A967242D564C81001F52C9 /* Debug */ = {
			isa = XCBuildConfiguration;
			buildSettings = {
				ALWAYS_SEARCH_USER_PATHS = NO;
				ASSETCATALOG_COMPILER_GENERATE_SWIFT_ASSET_SYMBOL_EXTENSIONS = YES;
				CLANG_ANALYZER_NONNULL = YES;
				CLANG_ANALYZER_NUMBER_OBJECT_CONVERSION = YES_AGGRESSIVE;
				CLANG_CXX_LANGUAGE_STANDARD = "gnu++20";
				CLANG_ENABLE_MODULES = YES;
				CLANG_ENABLE_OBJC_ARC = YES;
				CLANG_ENABLE_OBJC_WEAK = YES;
				CLANG_WARN_BLOCK_CAPTURE_AUTORELEASING = YES;
				CLANG_WARN_BOOL_CONVERSION = YES;
				CLANG_WARN_COMMA = YES;
				CLANG_WARN_CONSTANT_CONVERSION = YES;
				CLANG_WARN_DEPRECATED_OBJC_IMPLEMENTATIONS = YES;
				CLANG_WARN_DIRECT_OBJC_ISA_USAGE = YES_ERROR;
				CLANG_WARN_DOCUMENTATION_COMMENTS = YES;
				CLANG_WARN_EMPTY_BODY = YES;
				CLANG_WARN_ENUM_CONVERSION = YES;
				CLANG_WARN_INFINITE_RECURSION = YES;
				CLANG_WARN_INT_CONVERSION = YES;
				CLANG_WARN_NON_LITERAL_NULL_CONVERSION = YES;
				CLANG_WARN_OBJC_IMPLICIT_RETAIN_SELF = YES;
				CLANG_WARN_OBJC_LITERAL_CONVERSION = YES;
				CLANG_WARN_OBJC_ROOT_CLASS = YES_ERROR;
				CLANG_WARN_QUOTED_INCLUDE_IN_FRAMEWORK_HEADER = YES;
				CLANG_WARN_RANGE_LOOP_ANALYSIS = YES;
				CLANG_WARN_STRICT_PROTOTYPES = YES;
				CLANG_WARN_SUSPICIOUS_MOVE = YES;
				CLANG_WARN_UNGUARDED_AVAILABILITY = YES_AGGRESSIVE;
				CLANG_WARN_UNREACHABLE_CODE = YES;
				CLANG_WARN__DUPLICATE_METHOD_MATCH = YES;
				COPY_PHASE_STRIP = NO;
				DEBUG_INFORMATION_FORMAT = dwarf;
				ENABLE_STRICT_OBJC_MSGSEND = YES;
				ENABLE_TESTABILITY = YES;
				ENABLE_USER_SCRIPT_SANDBOXING = YES;
				GCC_C_LANGUAGE_STANDARD = gnu17;
				GCC_DYNAMIC_NO_PIC = NO;
				GCC_NO_COMMON_BLOCKS = YES;
				GCC_OPTIMIZATION_LEVEL = 0;
				GCC_PREPROCESSOR_DEFINITIONS = (
					"DEBUG=1",
					"$(inherited)",
				);
				GCC_WARN_64_TO_32_BIT_CONVERSION = YES;
				GCC_WARN_ABOUT_RETURN_TYPE = YES_ERROR;
				GCC_WARN_UNDECLARED_SELECTOR = YES;
				GCC_WARN_UNINITIALIZED_AUTOS = YES_AGGRESSIVE;
				GCC_WARN_UNUSED_FUNCTION = YES;
				GCC_WARN_UNUSED_VARIABLE = YES;
				LOCALIZATION_PREFERS_STRING_CATALOGS = YES;
				MTL_ENABLE_DEBUG_INFO = INCLUDE_SOURCE;
				MTL_FAST_MATH = YES;
				ONLY_ACTIVE_ARCH = YES;
				SWIFT_ACTIVE_COMPILATION_CONDITIONS = "DEBUG $(inherited)";
				SWIFT_OPTIMIZATION_LEVEL = "-Onone";
			};
			name = Debug;
		};
		48A967252D564C81001F52C9 /* Release */ = {
			isa = XCBuildConfiguration;
			buildSettings = {
				ALWAYS_SEARCH_USER_PATHS = NO;
				ASSETCATALOG_COMPILER_GENERATE_SWIFT_ASSET_SYMBOL_EXTENSIONS = YES;
				CLANG_ANALYZER_NONNULL = YES;
				CLANG_ANALYZER_NUMBER_OBJECT_CONVERSION = YES_AGGRESSIVE;
				CLANG_CXX_LANGUAGE_STANDARD = "gnu++20";
				CLANG_ENABLE_MODULES = YES;
				CLANG_ENABLE_OBJC_ARC = YES;
				CLANG_ENABLE_OBJC_WEAK = YES;
				CLANG_WARN_BLOCK_CAPTURE_AUTORELEASING = YES;
				CLANG_WARN_BOOL_CONVERSION = YES;
				CLANG_WARN_COMMA = YES;
				CLANG_WARN_CONSTANT_CONVERSION = YES;
				CLANG_WARN_DEPRECATED_OBJC_IMPLEMENTATIONS = YES;
				CLANG_WARN_DIRECT_OBJC_ISA_USAGE = YES_ERROR;
				CLANG_WARN_DOCUMENTATION_COMMENTS = YES;
				CLANG_WARN_EMPTY_BODY = YES;
				CLANG_WARN_ENUM_CONVERSION = YES;
				CLANG_WARN_INFINITE_RECURSION = YES;
				CLANG_WARN_INT_CONVERSION = YES;
				CLANG_WARN_NON_LITERAL_NULL_CONVERSION = YES;
				CLANG_WARN_OBJC_IMPLICIT_RETAIN_SELF = YES;
				CLANG_WARN_OBJC_LITERAL_CONVERSION = YES;
				CLANG_WARN_OBJC_ROOT_CLASS = YES_ERROR;
				CLANG_WARN_QUOTED_INCLUDE_IN_FRAMEWORK_HEADER = YES;
				CLANG_WARN_RANGE_LOOP_ANALYSIS = YES;
				CLANG_WARN_STRICT_PROTOTYPES = YES;
				CLANG_WARN_SUSPICIOUS_MOVE = YES;
				CLANG_WARN_UNGUARDED_AVAILABILITY = YES_AGGRESSIVE;
				CLANG_WARN_UNREACHABLE_CODE = YES;
				CLANG_WARN__DUPLICATE_METHOD_MATCH = YES;
				COPY_PHASE_STRIP = NO;
				DEBUG_INFORMATION_FORMAT = "dwarf-with-dsym";
				ENABLE_NS_ASSERTIONS = NO;
				ENABLE_STRICT_OBJC_MSGSEND = YES;
				ENABLE_USER_SCRIPT_SANDBOXING = YES;
				GCC_C_LANGUAGE_STANDARD = gnu17;
				GCC_NO_COMMON_BLOCKS = YES;
				GCC_WARN_64_TO_32_BIT_CONVERSION = YES;
				GCC_WARN_ABOUT_RETURN_TYPE = YES_ERROR;
				GCC_WARN_UNDECLARED_SELECTOR = YES;
				GCC_WARN_UNINITIALIZED_AUTOS = YES_AGGRESSIVE;
				GCC_WARN_UNUSED_FUNCTION = YES;
				GCC_WARN_UNUSED_VARIABLE = YES;
				LOCALIZATION_PREFERS_STRING_CATALOGS = YES;
				MTL_ENABLE_DEBUG_INFO = NO;
				MTL_FAST_MATH = YES;
				SWIFT_COMPILATION_MODE = wholemodule;
			};
			name = Release;
		};
		48A967272D564C81001F52C9 /* Debug */ = {
			isa = XCBuildConfiguration;
			buildSettings = {
				ASSETCATALOG_COMPILER_APPICON_NAME = AppIcon;
				ASSETCATALOG_COMPILER_GLOBAL_ACCENT_COLOR_NAME = AccentColor;
				CODE_SIGN_ENTITLEMENTS = NetworkKitDemo/NetworkKitDemo.entitlements;
				CODE_SIGN_STYLE = Automatic;
				CURRENT_PROJECT_VERSION = 1;
				DEVELOPMENT_ASSET_PATHS = "\"NetworkKitDemo/Preview Content\"";
				DEVELOPMENT_TEAM = V7DWVG4A23;
				ENABLE_HARDENED_RUNTIME = YES;
				ENABLE_PREVIEWS = YES;
				GENERATE_INFOPLIST_FILE = YES;
				"INFOPLIST_KEY_UIApplicationSceneManifest_Generation[sdk=iphoneos*]" = YES;
				"INFOPLIST_KEY_UIApplicationSceneManifest_Generation[sdk=iphonesimulator*]" = YES;
				"INFOPLIST_KEY_UIApplicationSupportsIndirectInputEvents[sdk=iphoneos*]" = YES;
				"INFOPLIST_KEY_UIApplicationSupportsIndirectInputEvents[sdk=iphonesimulator*]" = YES;
				"INFOPLIST_KEY_UILaunchScreen_Generation[sdk=iphoneos*]" = YES;
				"INFOPLIST_KEY_UILaunchScreen_Generation[sdk=iphonesimulator*]" = YES;
				"INFOPLIST_KEY_UIStatusBarStyle[sdk=iphoneos*]" = UIStatusBarStyleDefault;
				"INFOPLIST_KEY_UIStatusBarStyle[sdk=iphonesimulator*]" = UIStatusBarStyleDefault;
				INFOPLIST_KEY_UISupportedInterfaceOrientations_iPad = "UIInterfaceOrientationPortrait UIInterfaceOrientationPortraitUpsideDown UIInterfaceOrientationLandscapeLeft UIInterfaceOrientationLandscapeRight";
				INFOPLIST_KEY_UISupportedInterfaceOrientations_iPhone = "UIInterfaceOrientationPortrait UIInterfaceOrientationLandscapeLeft UIInterfaceOrientationLandscapeRight";
				IPHONEOS_DEPLOYMENT_TARGET = 18.2;
				LD_RUNPATH_SEARCH_PATHS = "@executable_path/Frameworks";
				"LD_RUNPATH_SEARCH_PATHS[sdk=macosx*]" = "@executable_path/../Frameworks";
				MACOSX_DEPLOYMENT_TARGET = 15.2;
				MARKETING_VERSION = 1.0;
				PRODUCT_BUNDLE_IDENTIFIER = net.bdapps.NetworkKitDemo;
				PRODUCT_NAME = "$(TARGET_NAME)";
				SDKROOT = auto;
				SUPPORTED_PLATFORMS = "iphoneos iphonesimulator macosx xros xrsimulator";
				SWIFT_EMIT_LOC_STRINGS = YES;
				SWIFT_VERSION = 5.0;
				TARGETED_DEVICE_FAMILY = "1,2,7";
				XROS_DEPLOYMENT_TARGET = 2.2;
			};
			name = Debug;
		};
		48A967282D564C81001F52C9 /* Release */ = {
			isa = XCBuildConfiguration;
			buildSettings = {
				ASSETCATALOG_COMPILER_APPICON_NAME = AppIcon;
				ASSETCATALOG_COMPILER_GLOBAL_ACCENT_COLOR_NAME = AccentColor;
				CODE_SIGN_ENTITLEMENTS = NetworkKitDemo/NetworkKitDemo.entitlements;
				CODE_SIGN_STYLE = Automatic;
				CURRENT_PROJECT_VERSION = 1;
				DEVELOPMENT_ASSET_PATHS = "\"NetworkKitDemo/Preview Content\"";
				DEVELOPMENT_TEAM = V7DWVG4A23;
				ENABLE_HARDENED_RUNTIME = YES;
				ENABLE_PREVIEWS = YES;
				GENERATE_INFOPLIST_FILE = YES;
				"INFOPLIST_KEY_UIApplicationSceneManifest_Generation[sdk=iphoneos*]" = YES;
				"INFOPLIST_KEY_UIApplicationSceneManifest_Generation[sdk=iphonesimulator*]" = YES;
				"INFOPLIST_KEY_UIApplicationSupportsIndirectInputEvents[sdk=iphoneos*]" = YES;
				"INFOPLIST_KEY_UIApplicationSupportsIndirectInputEvents[sdk=iphonesimulator*]" = YES;
				"INFOPLIST_KEY_UILaunchScreen_Generation[sdk=iphoneos*]" = YES;
				"INFOPLIST_KEY_UILaunchScreen_Generation[sdk=iphonesimulator*]" = YES;
				"INFOPLIST_KEY_UIStatusBarStyle[sdk=iphoneos*]" = UIStatusBarStyleDefault;
				"INFOPLIST_KEY_UIStatusBarStyle[sdk=iphonesimulator*]" = UIStatusBarStyleDefault;
				INFOPLIST_KEY_UISupportedInterfaceOrientations_iPad = "UIInterfaceOrientationPortrait UIInterfaceOrientationPortraitUpsideDown UIInterfaceOrientationLandscapeLeft UIInterfaceOrientationLandscapeRight";
				INFOPLIST_KEY_UISupportedInterfaceOrientations_iPhone = "UIInterfaceOrientationPortrait UIInterfaceOrientationLandscapeLeft UIInterfaceOrientationLandscapeRight";
				IPHONEOS_DEPLOYMENT_TARGET = 18.2;
				LD_RUNPATH_SEARCH_PATHS = "@executable_path/Frameworks";
				"LD_RUNPATH_SEARCH_PATHS[sdk=macosx*]" = "@executable_path/../Frameworks";
				MACOSX_DEPLOYMENT_TARGET = 15.2;
				MARKETING_VERSION = 1.0;
				PRODUCT_BUNDLE_IDENTIFIER = net.bdapps.NetworkKitDemo;
				PRODUCT_NAME = "$(TARGET_NAME)";
				SDKROOT = auto;
				SUPPORTED_PLATFORMS = "iphoneos iphonesimulator macosx xros xrsimulator";
				SWIFT_EMIT_LOC_STRINGS = YES;
				SWIFT_VERSION = 5.0;
				TARGETED_DEVICE_FAMILY = "1,2,7";
				XROS_DEPLOYMENT_TARGET = 2.2;
			};
			name = Release;
		};
		48A9672A2D564C81001F52C9 /* Debug */ = {
			isa = XCBuildConfiguration;
			buildSettings = {
				BUNDLE_LOADER = "$(TEST_HOST)";
				CODE_SIGN_STYLE = Automatic;
				CURRENT_PROJECT_VERSION = 1;
				DEVELOPMENT_TEAM = V7DWVG4A23;
				GENERATE_INFOPLIST_FILE = YES;
				IPHONEOS_DEPLOYMENT_TARGET = 18.2;
				MACOSX_DEPLOYMENT_TARGET = 15.2;
				MARKETING_VERSION = 1.0;
				PRODUCT_BUNDLE_IDENTIFIER = net.bdapps.NetworkKitDemoTests;
				PRODUCT_NAME = "$(TARGET_NAME)";
				SDKROOT = auto;
				SUPPORTED_PLATFORMS = "iphoneos iphonesimulator macosx xros xrsimulator";
				SWIFT_EMIT_LOC_STRINGS = NO;
				SWIFT_VERSION = 5.0;
				TARGETED_DEVICE_FAMILY = "1,2,7";
				TEST_HOST = "$(BUILT_PRODUCTS_DIR)/NetworkKitDemo.app/$(BUNDLE_EXECUTABLE_FOLDER_PATH)/NetworkKitDemo";
				XROS_DEPLOYMENT_TARGET = 2.2;
			};
			name = Debug;
		};
		48A9672B2D564C81001F52C9 /* Release */ = {
			isa = XCBuildConfiguration;
			buildSettings = {
				BUNDLE_LOADER = "$(TEST_HOST)";
				CODE_SIGN_STYLE = Automatic;
				CURRENT_PROJECT_VERSION = 1;
				DEVELOPMENT_TEAM = V7DWVG4A23;
				GENERATE_INFOPLIST_FILE = YES;
				IPHONEOS_DEPLOYMENT_TARGET = 18.2;
				MACOSX_DEPLOYMENT_TARGET = 15.2;
				MARKETING_VERSION = 1.0;
				PRODUCT_BUNDLE_IDENTIFIER = net.bdapps.NetworkKitDemoTests;
				PRODUCT_NAME = "$(TARGET_NAME)";
				SDKROOT = auto;
				SUPPORTED_PLATFORMS = "iphoneos iphonesimulator macosx xros xrsimulator";
				SWIFT_EMIT_LOC_STRINGS = NO;
				SWIFT_VERSION = 5.0;
				TARGETED_DEVICE_FAMILY = "1,2,7";
				TEST_HOST = "$(BUILT_PRODUCTS_DIR)/NetworkKitDemo.app/$(BUNDLE_EXECUTABLE_FOLDER_PATH)/NetworkKitDemo";
				XROS_DEPLOYMENT_TARGET = 2.2;
			};
			name = Release;
		};
		48A9672D2D564C81001F52C9 /* Debug */ = {
			isa = XCBuildConfiguration;
			buildSettings = {
				CODE_SIGN_STYLE = Automatic;
				CURRENT_PROJECT_VERSION = 1;
				DEVELOPMENT_TEAM = V7DWVG4A23;
				GENERATE_INFOPLIST_FILE = YES;
				IPHONEOS_DEPLOYMENT_TARGET = 18.2;
				MACOSX_DEPLOYMENT_TARGET = 15.2;
				MARKETING_VERSION = 1.0;
				PRODUCT_BUNDLE_IDENTIFIER = net.bdapps.NetworkKitDemoUITests;
				PRODUCT_NAME = "$(TARGET_NAME)";
				SDKROOT = auto;
				SUPPORTED_PLATFORMS = "iphoneos iphonesimulator macosx xros xrsimulator";
				SWIFT_EMIT_LOC_STRINGS = NO;
				SWIFT_VERSION = 5.0;
				TARGETED_DEVICE_FAMILY = "1,2,7";
				TEST_TARGET_NAME = NetworkKitDemo;
				XROS_DEPLOYMENT_TARGET = 2.2;
			};
			name = Debug;
		};
		48A9672E2D564C81001F52C9 /* Release */ = {
			isa = XCBuildConfiguration;
			buildSettings = {
				CODE_SIGN_STYLE = Automatic;
				CURRENT_PROJECT_VERSION = 1;
				DEVELOPMENT_TEAM = V7DWVG4A23;
				GENERATE_INFOPLIST_FILE = YES;
				IPHONEOS_DEPLOYMENT_TARGET = 18.2;
				MACOSX_DEPLOYMENT_TARGET = 15.2;
				MARKETING_VERSION = 1.0;
				PRODUCT_BUNDLE_IDENTIFIER = net.bdapps.NetworkKitDemoUITests;
				PRODUCT_NAME = "$(TARGET_NAME)";
				SDKROOT = auto;
				SUPPORTED_PLATFORMS = "iphoneos iphonesimulator macosx xros xrsimulator";
				SWIFT_EMIT_LOC_STRINGS = NO;
				SWIFT_VERSION = 5.0;
				TARGETED_DEVICE_FAMILY = "1,2,7";
				TEST_TARGET_NAME = NetworkKitDemo;
				XROS_DEPLOYMENT_TARGET = 2.2;
			};
			name = Release;
		};
/* End XCBuildConfiguration section */

/* Begin XCConfigurationList section */
		48A966FC2D564C80001F52C9 /* Build configuration list for PBXProject "NetworkKitDemo" */ = {
			isa = XCConfigurationList;
			buildConfigurations = (
				48A967242D564C81001F52C9 /* Debug */,
				48A967252D564C81001F52C9 /* Release */,
			);
			defaultConfigurationIsVisible = 0;
			defaultConfigurationName = Release;
		};
		48A967262D564C81001F52C9 /* Build configuration list for PBXNativeTarget "NetworkKitDemo" */ = {
			isa = XCConfigurationList;
			buildConfigurations = (
				48A967272D564C81001F52C9 /* Debug */,
				48A967282D564C81001F52C9 /* Release */,
			);
			defaultConfigurationIsVisible = 0;
			defaultConfigurationName = Release;
		};
		48A967292D564C81001F52C9 /* Build configuration list for PBXNativeTarget "NetworkKitDemoTests" */ = {
			isa = XCConfigurationList;
			buildConfigurations = (
				48A9672A2D564C81001F52C9 /* Debug */,
				48A9672B2D564C81001F52C9 /* Release */,
			);
			defaultConfigurationIsVisible = 0;
			defaultConfigurationName = Release;
		};
		48A9672C2D564C81001F52C9 /* Build configuration list for PBXNativeTarget "NetworkKitDemoUITests" */ = {
			isa = XCConfigurationList;
			buildConfigurations = (
				48A9672D2D564C81001F52C9 /* Debug */,
				48A9672E2D564C81001F52C9 /* Release */,
			);
			defaultConfigurationIsVisible = 0;
			defaultConfigurationName = Release;
		};
/* End XCConfigurationList section */

/* Begin XCLocalSwiftPackageReference section */
		48A9672F2D564CA2001F52C9 /* XCLocalSwiftPackageReference "../../NetworkKit" */ = {
			isa = XCLocalSwiftPackageReference;
			relativePath = ../../NetworkKit;
		};
/* End XCLocalSwiftPackageReference section */

/* Begin XCSwiftPackageProductDependency section */
		48A967302D564CA2001F52C9 /* NetworkKit */ = {
			isa = XCSwiftPackageProductDependency;
			productName = NetworkKit;
		};
/* End XCSwiftPackageProductDependency section */
	};
	rootObject = 48A966F92D564C80001F52C9 /* Project object */;
}
